PODS:
  - PixCrop (0.1.0):
    - SnapKit (>= 5.0.0)
  - SnapKit (5.7.1)

DEPENDENCIES:
  - PixCrop
  - SnapKit

SPEC REPOS:
  trunk:
    - PixCrop
    - SnapKit

SPEC CHECKSUMS:
  PixCrop: 6923b586af8b6d17174d7e5f39e4296d8dd6a265
  SnapKit: d612e99e678a2d3b95bf60b0705ed0a35c03484a

PODFILE CHECKSUM: f64aff1f5d1d1b26f8f0af3695259ffa3c37c7a3

COCOAPODS: 1.16.2
